
Microsoft Visual Studio Solution File, Format Version 12.00
# Visual Studio Version 17
VisualStudioVersion = 17.13.35913.81
MinimumVisualStudioVersion = 10.0.40219.1
Project("{FAE04EC0-301F-11D3-BF4B-00C04F79EFBC}") = "WebUI", "ProyectoIt\WebUI.csproj", "{280DE28D-650D-4D4D-B844-98D191198C98}"
EndProject
Project("{FAE04EC0-301F-11D3-BF4B-00C04F79EFBC}") = "Application", "Application\Application.csproj", "{A954FF6B-D936-4922-A475-0877A5E72B46}"
EndProject
Project("{FAE04EC0-301F-11D3-BF4B-00C04F79EFBC}") = "Domain", "Domain\Domain.csproj", "{39ABFEFA-1A2A-44E7-93A3-5D68BEEED6BE}"
EndProject
Project("{FAE04EC0-301F-11D3-BF4B-00C04F79EFBC}") = "Infrastructure", "Ingreastructure\Infrastructure.csproj", "{22C11299-9D87-4485-B1E3-6A437DEF66B8}"
EndProject
Project("{2150E333-8FDC-42A3-9474-1A3956D46DE8}") = "Src", "Src", "{02EA681E-C7D8-13C7-8484-4AC65E1B71E8}"
EndProject
Project("{2150E333-8FDC-42A3-9474-1A3956D46DE8}") = "Test", "Test", "{226FDF85-A967-4550-B0B4-D7ADC9DC2264}"
EndProject
Project("{2150E333-8FDC-42A3-9474-1A3956D46DE8}") = "EmailService", "EmailService", "{DD4E5A0C-6308-453D-A088-55AF77F2EB81}"
EndProject
Project("{FAE04EC0-301F-11D3-BF4B-00C04F79EFBC}") = "Application.UnitTests", "Application.UnitTests\Application.UnitTests.csproj", "{A52B1C26-E41C-4802-83A7-7B46922BD9B4}"
EndProject
Project("{FAE04EC0-301F-11D3-BF4B-00C04F79EFBC}") = "Domain.UnitTests", "Domain.UnitTests\Domain.UnitTests.csproj", "{4EC710C8-4820-4C99-81E0-77F3EDF21290}"
EndProject
Project("{FAE04EC0-301F-11D3-BF4B-00C04F79EFBC}") = "EmailService.Console", "ConsoleApp1\EmailService.Console.csproj", "{CA0C07F9-986F-4FA1-95AA-AA63E81CD17D}"
EndProject
Global
	GlobalSection(SolutionConfigurationPlatforms) = preSolution
		Debug|Any CPU = Debug|Any CPU
		Release|Any CPU = Release|Any CPU
	EndGlobalSection
	GlobalSection(ProjectConfigurationPlatforms) = postSolution
		{280DE28D-650D-4D4D-B844-98D191198C98}.Debug|Any CPU.ActiveCfg = Debug|Any CPU
		{280DE28D-650D-4D4D-B844-98D191198C98}.Debug|Any CPU.Build.0 = Debug|Any CPU
		{280DE28D-650D-4D4D-B844-98D191198C98}.Release|Any CPU.ActiveCfg = Release|Any CPU
		{280DE28D-650D-4D4D-B844-98D191198C98}.Release|Any CPU.Build.0 = Release|Any CPU
		{A954FF6B-D936-4922-A475-0877A5E72B46}.Debug|Any CPU.ActiveCfg = Debug|Any CPU
		{A954FF6B-D936-4922-A475-0877A5E72B46}.Debug|Any CPU.Build.0 = Debug|Any CPU
		{A954FF6B-D936-4922-A475-0877A5E72B46}.Release|Any CPU.ActiveCfg = Release|Any CPU
		{A954FF6B-D936-4922-A475-0877A5E72B46}.Release|Any CPU.Build.0 = Release|Any CPU
		{39ABFEFA-1A2A-44E7-93A3-5D68BEEED6BE}.Debug|Any CPU.ActiveCfg = Debug|Any CPU
		{39ABFEFA-1A2A-44E7-93A3-5D68BEEED6BE}.Debug|Any CPU.Build.0 = Debug|Any CPU
		{39ABFEFA-1A2A-44E7-93A3-5D68BEEED6BE}.Release|Any CPU.ActiveCfg = Release|Any CPU
		{39ABFEFA-1A2A-44E7-93A3-5D68BEEED6BE}.Release|Any CPU.Build.0 = Release|Any CPU
		{22C11299-9D87-4485-B1E3-6A437DEF66B8}.Debug|Any CPU.ActiveCfg = Debug|Any CPU
		{22C11299-9D87-4485-B1E3-6A437DEF66B8}.Debug|Any CPU.Build.0 = Debug|Any CPU
		{22C11299-9D87-4485-B1E3-6A437DEF66B8}.Release|Any CPU.ActiveCfg = Release|Any CPU
		{22C11299-9D87-4485-B1E3-6A437DEF66B8}.Release|Any CPU.Build.0 = Release|Any CPU
		{A52B1C26-E41C-4802-83A7-7B46922BD9B4}.Debug|Any CPU.ActiveCfg = Debug|Any CPU
		{A52B1C26-E41C-4802-83A7-7B46922BD9B4}.Debug|Any CPU.Build.0 = Debug|Any CPU
		{A52B1C26-E41C-4802-83A7-7B46922BD9B4}.Release|Any CPU.ActiveCfg = Release|Any CPU
		{A52B1C26-E41C-4802-83A7-7B46922BD9B4}.Release|Any CPU.Build.0 = Release|Any CPU
		{4EC710C8-4820-4C99-81E0-77F3EDF21290}.Debug|Any CPU.ActiveCfg = Debug|Any CPU
		{4EC710C8-4820-4C99-81E0-77F3EDF21290}.Debug|Any CPU.Build.0 = Debug|Any CPU
		{4EC710C8-4820-4C99-81E0-77F3EDF21290}.Release|Any CPU.ActiveCfg = Release|Any CPU
		{4EC710C8-4820-4C99-81E0-77F3EDF21290}.Release|Any CPU.Build.0 = Release|Any CPU
		{CA0C07F9-986F-4FA1-95AA-AA63E81CD17D}.Debug|Any CPU.ActiveCfg = Debug|Any CPU
		{CA0C07F9-986F-4FA1-95AA-AA63E81CD17D}.Debug|Any CPU.Build.0 = Debug|Any CPU
		{CA0C07F9-986F-4FA1-95AA-AA63E81CD17D}.Release|Any CPU.ActiveCfg = Release|Any CPU
		{CA0C07F9-986F-4FA1-95AA-AA63E81CD17D}.Release|Any CPU.Build.0 = Release|Any CPU
	EndGlobalSection
	GlobalSection(SolutionProperties) = preSolution
		HideSolutionNode = FALSE
	EndGlobalSection
	GlobalSection(NestedProjects) = preSolution
		{280DE28D-650D-4D4D-B844-98D191198C98} = {02EA681E-C7D8-13C7-8484-4AC65E1B71E8}
		{A954FF6B-D936-4922-A475-0877A5E72B46} = {02EA681E-C7D8-13C7-8484-4AC65E1B71E8}
		{39ABFEFA-1A2A-44E7-93A3-5D68BEEED6BE} = {02EA681E-C7D8-13C7-8484-4AC65E1B71E8}
		{22C11299-9D87-4485-B1E3-6A437DEF66B8} = {02EA681E-C7D8-13C7-8484-4AC65E1B71E8}
		{A52B1C26-E41C-4802-83A7-7B46922BD9B4} = {226FDF85-A967-4550-B0B4-D7ADC9DC2264}
		{4EC710C8-4820-4C99-81E0-77F3EDF21290} = {226FDF85-A967-4550-B0B4-D7ADC9DC2264}
		{CA0C07F9-986F-4FA1-95AA-AA63E81CD17D} = {DD4E5A0C-6308-453D-A088-55AF77F2EB81}
	EndGlobalSection
	GlobalSection(ExtensibilityGlobals) = postSolution
		SolutionGuid = {28F0FEB7-974A-43BE-91B0-D5019AD29E80}
	EndGlobalSection
EndGlobal
