
Microsoft Visual Studio Solution File, Format Version 12.00
# Visual Studio Version 17
VisualStudioVersion = 17.13.35913.81 d17.13
MinimumVisualStudioVersion = 10.0.40219.1
Project("{FAE04EC0-301F-11D3-BF4B-00C04F79EFBC}") = "ProyectoIt", "ProyectoIt\ProyectoIt.csproj", "{280DE28D-650D-4D4D-B844-98D191198C98}"
EndProject
Global
	GlobalSection(SolutionConfigurationPlatforms) = preSolution
		Debug|Any CPU = Debug|Any CPU
		Release|Any CPU = Release|Any CPU
	EndGlobalSection
	GlobalSection(ProjectConfigurationPlatforms) = postSolution
		{280DE28D-650D-4D4D-B844-98D191198C98}.Debug|Any CPU.ActiveCfg = Debug|Any CPU
		{280DE28D-650D-4D4D-B844-98D191198C98}.Debug|Any CPU.Build.0 = Debug|Any CPU
		{280DE28D-650D-4D4D-B844-98D191198C98}.Release|Any CPU.ActiveCfg = Release|Any CPU
		{280DE28D-650D-4D4D-B844-98D191198C98}.Release|Any CPU.Build.0 = Release|Any CPU
	EndGlobalSection
	GlobalSection(SolutionProperties) = preSolution
		HideSolutionNode = FALSE
	EndGlobalSection
	GlobalSection(ExtensibilityGlobals) = postSolution
		SolutionGuid = {28F0FEB7-974A-43BE-91B0-D5019AD29E80}
	EndGlobalSection
EndGlobal
